
Microsoft Visual Studio Solution File, Format Version 12.00
# Visual Studio Version 17
VisualStudioVersion = 17.7.34018.315
MinimumVisualStudioVersion = 10.0.40219.1
Project("{FAE04EC0-301F-11D3-BF4B-00C04F79EFBC}") = "AnketProje", "AnketProje\AnketProje.csproj", "{A7906697-71C2-4045-85C4-189E6FE39D76}"
EndProject
Global
	GlobalSection(SolutionConfigurationPlatforms) = preSolution
		Debug|Any CPU = Debug|Any CPU
		Release|Any CPU = Release|Any CPU
	EndGlobalSection
	GlobalSection(ProjectConfigurationPlatforms) = postSolution
		{A7906697-71C2-4045-85C4-189E6FE39D76}.Debug|Any CPU.ActiveCfg = Debug|Any CPU
		{A7906697-71C2-4045-85C4-189E6FE39D76}.Debug|Any CPU.Build.0 = Debug|Any CPU
		{A7906697-71C2-4045-85C4-189E6FE39D76}.Release|Any CPU.ActiveCfg = Release|Any CPU
		{A7906697-71C2-4045-85C4-189E6FE39D76}.Release|Any CPU.Build.0 = Release|Any CPU
	EndGlobalSection
	GlobalSection(SolutionProperties) = preSolution
		HideSolutionNode = FALSE
	EndGlobalSection
	GlobalSection(ExtensibilityGlobals) = postSolution
		SolutionGuid = {F9E0A43A-C93A-4190-8C30-3063E47BDD71}
	EndGlobalSection
EndGlobal
